Microsoft Visual Studio Solution File, Format Version 12.00
# Visual Studio Version 17
VisualStudioVersion = 17.5.2.0
MinimumVisualStudioVersion = 10.0.40219.1
Project("{FAE04EC0-301F-11D3-BF4B-00C04F79EFBC}") = "AutoProject", "AutoProject\AutoProject.csproj", "{347876CC-5AF5-C2F8-FAF2-FCFC094A0F5A}"
EndProject
Global
	GlobalSection(SolutionConfigurationPlatforms) = preSolution
		Debug|Any CPU = Debug|Any CPU
		Release|Any CPU = Release|Any CPU
	EndGlobalSection
	GlobalSection(ProjectConfigurationPlatforms) = postSolution
		{347876CC-5AF5-C2F8-FAF2-FCFC094A0F5A}.Debug|Any CPU.ActiveCfg = Debug|Any CPU
		{347876CC-5AF5-C2F8-FAF2-FCFC094A0F5A}.Debug|Any CPU.Build.0 = Debug|Any CPU
		{347876CC-5AF5-C2F8-FAF2-FCFC094A0F5A}.Release|Any CPU.ActiveCfg = Release|Any CPU
		{347876CC-5AF5-C2F8-FAF2-FCFC094A0F5A}.Release|Any CPU.Build.0 = Release|Any CPU
	EndGlobalSection
	GlobalSection(SolutionProperties) = preSolution
		HideSolutionNode = FALSE
	EndGlobalSection
	GlobalSection(ExtensibilityGlobals) = postSolution
		SolutionGuid = {301D50EE-D3BD-4305-8E12-3753DAE8DC43}
	EndGlobalSection
EndGlobal
